
Microsoft Visual Studio Solution File, Format Version 12.00
# Visual Studio 2015
Project("{FAE04EC0-301F-11D3-BF4B-00C04F79EFBC}") = "binh.CSharp", "binh.CSharp.csproj", "{061C1C14-CFF9-985B-BEC7-B24F8BB3D7B9}"
EndProject
Project("{FAE04EC0-301F-11D3-BF4B-00C04F79EFBC}") = "binh.CSharp.Editor", "binh.CSharp.Editor.csproj", "{352DB0FB-83CD-0F32-5FC4-9497424A6247}"
EndProject
Global
	GlobalSection(SolutionConfigurationPlatforms) = preSolution
		Debug|Any CPU = Debug|Any CPU
		Release|Any CPU = Release|Any CPU
	EndGlobalSection
	GlobalSection(ProjectConfigurationPlatforms) = postSolution
		{061C1C14-CFF9-985B-BEC7-B24F8BB3D7B9}.Debug|Any CPU.ActiveCfg = Debug|Any CPU
		{061C1C14-CFF9-985B-BEC7-B24F8BB3D7B9}.Debug|Any CPU.Build.0 = Debug|Any CPU
		{061C1C14-CFF9-985B-BEC7-B24F8BB3D7B9}.Release|Any CPU.ActiveCfg = Release|Any CPU
		{061C1C14-CFF9-985B-BEC7-B24F8BB3D7B9}.Release|Any CPU.Build.0 = Release|Any CPU
		{352DB0FB-83CD-0F32-5FC4-9497424A6247}.Debug|Any CPU.ActiveCfg = Debug|Any CPU
		{352DB0FB-83CD-0F32-5FC4-9497424A6247}.Debug|Any CPU.Build.0 = Debug|Any CPU
		{352DB0FB-83CD-0F32-5FC4-9497424A6247}.Release|Any CPU.ActiveCfg = Release|Any CPU
		{352DB0FB-83CD-0F32-5FC4-9497424A6247}.Release|Any CPU.Build.0 = Release|Any CPU
	EndGlobalSection
	GlobalSection(SolutionProperties) = preSolution
		HideSolutionNode = FALSE
	EndGlobalSection
EndGlobal
